// !$*UTF8*$!
{
	archiveVersion = 1;
	classes = {
	};
	objectVersion = 48;
	objects = {

/* Begin PBXBuildFile section */
		0BC827D0329B3113D20F14AE /* Pods_HumanityHospice.framework in Frameworks */ = {isa = PBXBuildFile; fileRef = 03038EFFF88515CF212F99CE /* Pods_HumanityHospice.framework */; };
		7310489F20B895C500E52EA9 /* NewPhotoPostVC.swift in Sources */ = {isa = PBXBuildFile; fileRef = 7310489E20B895C500E52EA9 /* NewPhotoPostVC.swift */; };
		7335B2AF209BC37100AD5B1B /* JournalTableViewCell.swift in Sources */ = {isa = PBXBuildFile; fileRef = 7335B2AE209BC37100AD5B1B /* JournalTableViewCell.swift */; };
		7335B2B2209BDFF700AD5B1B /* NewPostViewController.swift in Sources */ = {isa = PBXBuildFile; fileRef = 7335B2B1209BDFF700AD5B1B /* NewPostViewController.swift */; };
		7335B2B4209FA41400AD5B1B /* ProfilePickerDelegate.swift in Sources */ = {isa = PBXBuildFile; fileRef = 7335B2B3209FA41400AD5B1B /* ProfilePickerDelegate.swift */; };
		7335B2B6209FAFA000AD5B1B /* ProfilePickerHandler.swift in Sources */ = {isa = PBXBuildFile; fileRef = 7335B2B5209FAFA000AD5B1B /* ProfilePickerHandler.swift */; };
		7335B2B9209FCB0100AD5B1B /* PostWithImageTableViewCell.swift in Sources */ = {isa = PBXBuildFile; fileRef = 7335B2B8209FCB0100AD5B1B /* PostWithImageTableViewCell.swift */; };
		7335B2BB209FD48F00AD5B1B /* ImageSelector.swift in Sources */ = {isa = PBXBuildFile; fileRef = 7335B2BA209FD48F00AD5B1B /* ImageSelector.swift */; };
		73383A3620BDFF91004CE58F /* JournalTableViewController.swift in Sources */ = {isa = PBXBuildFile; fileRef = 73383A3520BDFF91004CE58F /* JournalTableViewController.swift */; };
		73383A3820BE1815004CE58F /* ViewPostViewController.swift in Sources */ = {isa = PBXBuildFile; fileRef = 73383A3720BE1815004CE58F /* ViewPostViewController.swift */; };
		73383A3F20BE2544004CE58F /* ImagePostTableViewCell.swift in Sources */ = {isa = PBXBuildFile; fileRef = 73383A3E20BE2544004CE58F /* ImagePostTableViewCell.swift */; };
		73383A4120BE259A004CE58F /* TextPostTableViewCell.swift in Sources */ = {isa = PBXBuildFile; fileRef = 73383A4020BE259A004CE58F /* TextPostTableViewCell.swift */; };
		73383A4520BE2623004CE58F /* CommentTableViewCell.swift in Sources */ = {isa = PBXBuildFile; fileRef = 73383A4420BE2623004CE58F /* CommentTableViewCell.swift */; };
		7338482E20A7F50000EC6D01 /* Posts.swift in Sources */ = {isa = PBXBuildFile; fileRef = 7338482D20A7F50000EC6D01 /* Posts.swift */; };
		7357DE652097CC6000AED945 /* EncourangementBoard.swift in Sources */ = {isa = PBXBuildFile; fileRef = 7357DE642097CC6000AED945 /* EncourangementBoard.swift */; };
		7357DE6720980B6000AED945 /* PhotoAlbum.swift in Sources */ = {isa = PBXBuildFile; fileRef = 7357DE6620980B6000AED945 /* PhotoAlbum.swift */; };
		7357DE6920980B7E00AED945 /* CreateFamilyAccount.swift in Sources */ = {isa = PBXBuildFile; fileRef = 7357DE6820980B7E00AED945 /* CreateFamilyAccount.swift */; };
		7357DE6B20980B9700AED945 /* InviteReaders.swift in Sources */ = {isa = PBXBuildFile; fileRef = 7357DE6A20980B9700AED945 /* InviteReaders.swift */; };
		7357DE6D20980BA700AED945 /* AboutViewController.swift in Sources */ = {isa = PBXBuildFile; fileRef = 7357DE6C20980BA700AED945 /* AboutViewController.swift */; };
		735EA43520AD0A9900ED339F /* PhotoAlbumCollectionViewCell.swift in Sources */ = {isa = PBXBuildFile; fileRef = 735EA43420AD0A9900ED339F /* PhotoAlbumCollectionViewCell.swift */; };
		736E199120CC377000CB6DF4 /* Extensions.swift in Sources */ = {isa = PBXBuildFile; fileRef = 736E199020CC377000CB6DF4 /* Extensions.swift */; };
		737118B720A12C0500656F8E /* ImageViewer.swift in Sources */ = {isa = PBXBuildFile; fileRef = 737118B620A12C0500656F8E /* ImageViewer.swift */; };
		73B4013C20EACAF3005EE40E /* UploadViewController.swift in Sources */ = {isa = PBXBuildFile; fileRef = 73B4013A20EACAF3005EE40E /* UploadViewController.swift */; };
		73B4013D20EACAF3005EE40E /* UploadViewController.xib in Resources */ = {isa = PBXBuildFile; fileRef = 73B4013B20EACAF3005EE40E /* UploadViewController.xib */; };
		73BD07A120C5DF170051D94D /* SwitchPatientTableViewController.swift in Sources */ = {isa = PBXBuildFile; fileRef = 73BD07A020C5DF170051D94D /* SwitchPatientTableViewController.swift */; };
		73BE5C5320E2BF3A001A34F0 /* GoogleService-Info.plist in Resources */ = {isa = PBXBuildFile; fileRef = 73BE5C5220E2BF3A001A34F0 /* GoogleService-Info.plist */; };
		73C22EDD20C37D5C00E35E80 /* LoadingViewController.swift in Sources */ = {isa = PBXBuildFile; fileRef = 73C22EDC20C37D5C00E35E80 /* LoadingViewController.swift */; };
		73C56FDE20E596F20078522E /* Constants.swift in Sources */ = {isa = PBXBuildFile; fileRef = 73C56FDD20E596F20078522E /* Constants.swift */; };
		73C56FE220E5AB890078522E /* GoogleService-Info.plist in Resources */ = {isa = PBXBuildFile; fileRef = 73C56FE120E5AB890078522E /* GoogleService-Info.plist */; };
		73C9B1E220A3949A00056994 /* EncouragementBoardTableViewCell.swift in Sources */ = {isa = PBXBuildFile; fileRef = 73C9B1E120A3949A00056994 /* EncouragementBoardTableViewCell.swift */; };
		73C9B1E520A3A60300056994 /* NewEBPostViewController.swift in Sources */ = {isa = PBXBuildFile; fileRef = 73C9B1E420A3A60300056994 /* NewEBPostViewController.swift */; };
		73E938AA20C4901E00CC3648 /* NotificationNameExtension.swift in Sources */ = {isa = PBXBuildFile; fileRef = 73E938A920C4901E00CC3648 /* NotificationNameExtension.swift */; };
		73ED2C3820A903CF005D7AF8 /* RealmHandler.swift in Sources */ = {isa = PBXBuildFile; fileRef = 73ED2C3720A903CF005D7AF8 /* RealmHandler.swift */; };
		73FC4B98208FCC6A0014520E /* InviteCodePopUp.swift in Sources */ = {isa = PBXBuildFile; fileRef = 73FC4B97208FCC6A0014520E /* InviteCodePopUp.swift */; };
		A57CC3F020881C2200C9D776 /* DatabaseHandler.swift in Sources */ = {isa = PBXBuildFile; fileRef = A57CC3EF20881C2200C9D776 /* DatabaseHandler.swift */; };
		A5BBD4332086EC3700B80BD0 /* AppDelegate.swift in Sources */ = {isa = PBXBuildFile; fileRef = A5BBD4322086EC3700B80BD0 /* AppDelegate.swift */; };
		A5BBD4382086EC3700B80BD0 /* Main.storyboard in Resources */ = {isa = PBXBuildFile; fileRef = A5BBD4362086EC3700B80BD0 /* Main.storyboard */; };
		A5BBD43A2086EC3700B80BD0 /* Assets.xcassets in Resources */ = {isa = PBXBuildFile; fileRef = A5BBD4392086EC3700B80BD0 /* Assets.xcassets */; };
		A5BBD43D2086EC3700B80BD0 /* LaunchScreen.storyboard in Resources */ = {isa = PBXBuildFile; fileRef = A5BBD43B2086EC3700B80BD0 /* LaunchScreen.storyboard */; };
		A5D00665208938C30079CD49 /* MenuHandler.swift in Sources */ = {isa = PBXBuildFile; fileRef = A5D00664208938C30079CD49 /* MenuHandler.swift */; };
		A5D3F96D208D0D130079B713 /* LandingViewController.swift in Sources */ = {isa = PBXBuildFile; fileRef = A5D3F96C208D0D130079B713 /* LandingViewController.swift */; };
		A5D3F970208D18540079B713 /* LoginViewController.swift in Sources */ = {isa = PBXBuildFile; fileRef = A5D3F96F208D18540079B713 /* LoginViewController.swift */; };
		A5D3F972208D23470079B713 /* Utilities.swift in Sources */ = {isa = PBXBuildFile; fileRef = A5D3F971208D23470079B713 /* Utilities.swift */; };
		A5D3F974208D26BA0079B713 /* SignUpViewController.swift in Sources */ = {isa = PBXBuildFile; fileRef = A5D3F973208D26BA0079B713 /* SignUpViewController.swift */; };
		A5D3F976208D2E8C0079B713 /* CompleteSignUpViewController.swift in Sources */ = {isa = PBXBuildFile; fileRef = A5D3F975208D2E8C0079B713 /* CompleteSignUpViewController.swift */; };
		A5D3F978208D31870079B713 /* AppSettings.swift in Sources */ = {isa = PBXBuildFile; fileRef = A5D3F977208D31870079B713 /* AppSettings.swift */; };
		A5FC5C1320892CA00084BA9B /* MenuView.swift in Sources */ = {isa = PBXBuildFile; fileRef = A5FC5C1220892CA00084BA9B /* MenuView.swift */; };
		A5FC5C1520892FA60084BA9B /* Menu.xib in Resources */ = {isa = PBXBuildFile; fileRef = A5FC5C1420892FA60084BA9B /* Menu.xib */; };
		A5FC5C18208934E80084BA9B /* MenuTableViewCell.swift in Sources */ = {isa = PBXBuildFile; fileRef = A5FC5C17208934E80084BA9B /* MenuTableViewCell.swift */; };
/* End PBXBuildFile section */

/* Begin PBXCopyFilesBuildPhase section */
		734BEC1020EAEA48006A04C0 /* Embed Frameworks */ = {
			isa = PBXCopyFilesBuildPhase;
			buildActionMask = 2147483647;
			dstPath = "";
			dstSubfolderSpec = 10;
			files = (
			);
			name = "Embed Frameworks";
			runOnlyForDeploymentPostprocessing = 0;
		};
/* End PBXCopyFilesBuildPhase section */

/* Begin PBXFileReference section */
		03038EFFF88515CF212F99CE /* Pods_HumanityHospice.framework */ = {isa = PBXFileReference; explicitFileType = wrapper.framework; includeInIndex = 0; path = Pods_HumanityHospice.framework; sourceTree = BUILT_PRODUCTS_DIR; };
		0B404F41FC034655F5EA7951 /* Pods_HumanityHospice_HumanityHospiceTests.framework */ = {isa = PBXFileReference; explicitFileType = wrapper.framework; includeInIndex = 0; path = Pods_HumanityHospice_HumanityHospiceTests.framework; sourceTree = BUILT_PRODUCTS_DIR; };
		4B960FE12861B3D6422AD85C /* Pods-HumanityHospice-HumanityHospiceTests.release.xcconfig */ = {isa = PBXFileReference; includeInIndex = 1; lastKnownFileType = text.xcconfig; name = "Pods-HumanityHospice-HumanityHospiceTests.release.xcconfig"; path = "Pods/Target Support Files/Pods-HumanityHospice-HumanityHospiceTests/Pods-HumanityHospice-HumanityHospiceTests.release.xcconfig"; sourceTree = "<group>"; };
		694136AC0962CFC9267913D7 /* Pods-HumanityHospice.release.xcconfig */ = {isa = PBXFileReference; includeInIndex = 1; lastKnownFileType = text.xcconfig; name = "Pods-HumanityHospice.release.xcconfig"; path = "Pods/Target Support Files/Pods-HumanityHospice/Pods-HumanityHospice.release.xcconfig"; sourceTree = "<group>"; };
		6A3A9CE6D5B505135CD48FAB /* Pods_HumanityHospiceTests.framework */ = {isa = PBXFileReference; explicitFileType = wrapper.framework; includeInIndex = 0; path = Pods_HumanityHospiceTests.framework; sourceTree = BUILT_PRODUCTS_DIR; };
		6F245B1A412F6AABE75C3EDD /* Pods-HumanityHospiceTests.debug.xcconfig */ = {isa = PBXFileReference; includeInIndex = 1; lastKnownFileType = text.xcconfig; name = "Pods-HumanityHospiceTests.debug.xcconfig"; path = "Pods/Target Support Files/Pods-HumanityHospiceTests/Pods-HumanityHospiceTests.debug.xcconfig"; sourceTree = "<group>"; };
		7310489E20B895C500E52EA9 /* NewPhotoPostVC.swift */ = {isa = PBXFileReference; lastKnownFileType = sourcecode.swift; path = NewPhotoPostVC.swift; sourceTree = "<group>"; };
		7335B2AE209BC37100AD5B1B /* JournalTableViewCell.swift */ = {isa = PBXFileReference; lastKnownFileType = sourcecode.swift; path = JournalTableViewCell.swift; sourceTree = "<group>"; };
		7335B2B1209BDFF700AD5B1B /* NewPostViewController.swift */ = {isa = PBXFileReference; lastKnownFileType = sourcecode.swift; path = NewPostViewController.swift; sourceTree = "<group>"; };
		7335B2B3209FA41400AD5B1B /* ProfilePickerDelegate.swift */ = {isa = PBXFileReference; lastKnownFileType = sourcecode.swift; path = ProfilePickerDelegate.swift; sourceTree = "<group>"; };
		7335B2B5209FAFA000AD5B1B /* ProfilePickerHandler.swift */ = {isa = PBXFileReference; lastKnownFileType = sourcecode.swift; path = ProfilePickerHandler.swift; sourceTree = "<group>"; };
		7335B2B8209FCB0100AD5B1B /* PostWithImageTableViewCell.swift */ = {isa = PBXFileReference; lastKnownFileType = sourcecode.swift; path = PostWithImageTableViewCell.swift; sourceTree = "<group>"; };
		7335B2BA209FD48F00AD5B1B /* ImageSelector.swift */ = {isa = PBXFileReference; lastKnownFileType = sourcecode.swift; path = ImageSelector.swift; sourceTree = "<group>"; };
		73383A3520BDFF91004CE58F /* JournalTableViewController.swift */ = {isa = PBXFileReference; fileEncoding = 4; lastKnownFileType = sourcecode.swift; path = JournalTableViewController.swift; sourceTree = "<group>"; };
		73383A3720BE1815004CE58F /* ViewPostViewController.swift */ = {isa = PBXFileReference; lastKnownFileType = sourcecode.swift; path = ViewPostViewController.swift; sourceTree = "<group>"; };
		73383A3E20BE2544004CE58F /* ImagePostTableViewCell.swift */ = {isa = PBXFileReference; lastKnownFileType = sourcecode.swift; path = ImagePostTableViewCell.swift; sourceTree = "<group>"; };
		73383A4020BE259A004CE58F /* TextPostTableViewCell.swift */ = {isa = PBXFileReference; lastKnownFileType = sourcecode.swift; path = TextPostTableViewCell.swift; sourceTree = "<group>"; };
		73383A4420BE2623004CE58F /* CommentTableViewCell.swift */ = {isa = PBXFileReference; lastKnownFileType = sourcecode.swift; path = CommentTableViewCell.swift; sourceTree = "<group>"; };
		7338482D20A7F50000EC6D01 /* Posts.swift */ = {isa = PBXFileReference; lastKnownFileType = sourcecode.swift; path = Posts.swift; sourceTree = "<group>"; };
		7357DE642097CC6000AED945 /* EncourangementBoard.swift */ = {isa = PBXFileReference; lastKnownFileType = sourcecode.swift; path = EncourangementBoard.swift; sourceTree = "<group>"; };
		7357DE6620980B6000AED945 /* PhotoAlbum.swift */ = {isa = PBXFileReference; lastKnownFileType = sourcecode.swift; path = PhotoAlbum.swift; sourceTree = "<group>"; };
		7357DE6820980B7E00AED945 /* CreateFamilyAccount.swift */ = {isa = PBXFileReference; lastKnownFileType = sourcecode.swift; path = CreateFamilyAccount.swift; sourceTree = "<group>"; };
		7357DE6A20980B9700AED945 /* InviteReaders.swift */ = {isa = PBXFileReference; lastKnownFileType = sourcecode.swift; path = InviteReaders.swift; sourceTree = "<group>"; };
		7357DE6C20980BA700AED945 /* AboutViewController.swift */ = {isa = PBXFileReference; lastKnownFileType = sourcecode.swift; path = AboutViewController.swift; sourceTree = "<group>"; };
		735EA43420AD0A9900ED339F /* PhotoAlbumCollectionViewCell.swift */ = {isa = PBXFileReference; lastKnownFileType = sourcecode.swift; path = PhotoAlbumCollectionViewCell.swift; sourceTree = "<group>"; };
		736E199020CC377000CB6DF4 /* Extensions.swift */ = {isa = PBXFileReference; lastKnownFileType = sourcecode.swift; path = Extensions.swift; sourceTree = "<group>"; };
		737118B620A12C0500656F8E /* ImageViewer.swift */ = {isa = PBXFileReference; lastKnownFileType = sourcecode.swift; path = ImageViewer.swift; sourceTree = "<group>"; };
		73B4013A20EACAF3005EE40E /* UploadViewController.swift */ = {isa = PBXFileReference; lastKnownFileType = sourcecode.swift; path = UploadViewController.swift; sourceTree = "<group>"; };
		73B4013B20EACAF3005EE40E /* UploadViewController.xib */ = {isa = PBXFileReference; lastKnownFileType = file.xib; path = UploadViewController.xib; sourceTree = "<group>"; };
		73BD07A020C5DF170051D94D /* SwitchPatientTableViewController.swift */ = {isa = PBXFileReference; lastKnownFileType = sourcecode.swift; path = SwitchPatientTableViewController.swift; sourceTree = "<group>"; };
		73BE5C5220E2BF3A001A34F0 /* GoogleService-Info.plist */ = {isa = PBXFileReference; fileEncoding = 4; lastKnownFileType = text.plist.xml; name = "GoogleService-Info.plist"; path = "HumanityHospice/GoogleService-Info.plist"; sourceTree = SOURCE_ROOT; };
		73C22EDC20C37D5C00E35E80 /* LoadingViewController.swift */ = {isa = PBXFileReference; lastKnownFileType = sourcecode.swift; path = LoadingViewController.swift; sourceTree = "<group>"; };
		73C56FDD20E596F20078522E /* Constants.swift */ = {isa = PBXFileReference; lastKnownFileType = sourcecode.swift; path = Constants.swift; sourceTree = "<group>"; };
		73C56FE120E5AB890078522E /* GoogleService-Info.plist */ = {isa = PBXFileReference; fileEncoding = 4; lastKnownFileType = text.plist.xml; path = "GoogleService-Info.plist"; sourceTree = "<group>"; };
		73C9B1E120A3949A00056994 /* EncouragementBoardTableViewCell.swift */ = {isa = PBXFileReference; lastKnownFileType = sourcecode.swift; path = EncouragementBoardTableViewCell.swift; sourceTree = "<group>"; };
		73C9B1E420A3A60300056994 /* NewEBPostViewController.swift */ = {isa = PBXFileReference; lastKnownFileType = sourcecode.swift; path = NewEBPostViewController.swift; sourceTree = "<group>"; };
		73E938A920C4901E00CC3648 /* NotificationNameExtension.swift */ = {isa = PBXFileReference; lastKnownFileType = sourcecode.swift; path = NotificationNameExtension.swift; sourceTree = "<group>"; };
		73ED2C3720A903CF005D7AF8 /* RealmHandler.swift */ = {isa = PBXFileReference; lastKnownFileType = sourcecode.swift; path = RealmHandler.swift; sourceTree = "<group>"; };
		73FC4B97208FCC6A0014520E /* InviteCodePopUp.swift */ = {isa = PBXFileReference; lastKnownFileType = sourcecode.swift; path = InviteCodePopUp.swift; sourceTree = "<group>"; };
		83953C65908D26D1EEE693D8 /* Pods-HumanityHospiceTests.release.xcconfig */ = {isa = PBXFileReference; includeInIndex = 1; lastKnownFileType = text.xcconfig; name = "Pods-HumanityHospiceTests.release.xcconfig"; path = "Pods/Target Support Files/Pods-HumanityHospiceTests/Pods-HumanityHospiceTests.release.xcconfig"; sourceTree = "<group>"; };
		88689F47E062E9DB2AA7EA27 /* Pods_HumanityHospiceUITests.framework */ = {isa = PBXFileReference; explicitFileType = wrapper.framework; includeInIndex = 0; path = Pods_HumanityHospiceUITests.framework; sourceTree = BUILT_PRODUCTS_DIR; };
		A57CC3EF20881C2200C9D776 /* DatabaseHandler.swift */ = {isa = PBXFileReference; lastKnownFileType = sourcecode.swift; path = DatabaseHandler.swift; sourceTree = "<group>"; };
		A5BBD42F2086EC3700B80BD0 /* HumanityHospice.app */ = {isa = PBXFileReference; explicitFileType = wrapper.application; includeInIndex = 0; path = HumanityHospice.app; sourceTree = BUILT_PRODUCTS_DIR; };
		A5BBD4322086EC3700B80BD0 /* AppDelegate.swift */ = {isa = PBXFileReference; lastKnownFileType = sourcecode.swift; path = AppDelegate.swift; sourceTree = "<group>"; };
		A5BBD4372086EC3700B80BD0 /* Base */ = {isa = PBXFileReference; lastKnownFileType = file.storyboard; name = Base; path = Base.lproj/Main.storyboard; sourceTree = "<group>"; };
		A5BBD4392086EC3700B80BD0 /* Assets.xcassets */ = {isa = PBXFileReference; lastKnownFileType = folder.assetcatalog; path = Assets.xcassets; sourceTree = "<group>"; };
		A5BBD43C2086EC3700B80BD0 /* Base */ = {isa = PBXFileReference; lastKnownFileType = file.storyboard; name = Base; path = Base.lproj/LaunchScreen.storyboard; sourceTree = "<group>"; };
		A5BBD43E2086EC3700B80BD0 /* Info.plist */ = {isa = PBXFileReference; lastKnownFileType = text.plist.xml; path = Info.plist; sourceTree = "<group>"; };
		A5D00664208938C30079CD49 /* MenuHandler.swift */ = {isa = PBXFileReference; lastKnownFileType = sourcecode.swift; path = MenuHandler.swift; sourceTree = "<group>"; };
		A5D3F96C208D0D130079B713 /* LandingViewController.swift */ = {isa = PBXFileReference; lastKnownFileType = sourcecode.swift; path = LandingViewController.swift; sourceTree = "<group>"; };
		A5D3F96F208D18540079B713 /* LoginViewController.swift */ = {isa = PBXFileReference; lastKnownFileType = sourcecode.swift; path = LoginViewController.swift; sourceTree = "<group>"; };
		A5D3F971208D23470079B713 /* Utilities.swift */ = {isa = PBXFileReference; lastKnownFileType = sourcecode.swift; path = Utilities.swift; sourceTree = "<group>"; };
		A5D3F973208D26BA0079B713 /* SignUpViewController.swift */ = {isa = PBXFileReference; lastKnownFileType = sourcecode.swift; path = SignUpViewController.swift; sourceTree = "<group>"; };
		A5D3F975208D2E8C0079B713 /* CompleteSignUpViewController.swift */ = {isa = PBXFileReference; lastKnownFileType = sourcecode.swift; path = CompleteSignUpViewController.swift; sourceTree = "<group>"; };
		A5D3F977208D31870079B713 /* AppSettings.swift */ = {isa = PBXFileReference; lastKnownFileType = sourcecode.swift; path = AppSettings.swift; sourceTree = "<group>"; };
		A5FC5C1220892CA00084BA9B /* MenuView.swift */ = {isa = PBXFileReference; lastKnownFileType = sourcecode.swift; path = MenuView.swift; sourceTree = "<group>"; };
		A5FC5C1420892FA60084BA9B /* Menu.xib */ = {isa = PBXFileReference; lastKnownFileType = file.xib; path = Menu.xib; sourceTree = "<group>"; };
		A5FC5C17208934E80084BA9B /* MenuTableViewCell.swift */ = {isa = PBXFileReference; lastKnownFileType = sourcecode.swift; path = MenuTableViewCell.swift; sourceTree = "<group>"; };
		C9B167080ED8CF261C513433 /* Pods-HumanityHospice.debug.xcconfig */ = {isa = PBXFileReference; includeInIndex = 1; lastKnownFileType = text.xcconfig; name = "Pods-HumanityHospice.debug.xcconfig"; path = "Pods/Target Support Files/Pods-HumanityHospice/Pods-HumanityHospice.debug.xcconfig"; sourceTree = "<group>"; };
		E94A0C69C5F7D852EBEB614B /* Pods-HumanityHospice-HumanityHospiceTests.debug.xcconfig */ = {isa = PBXFileReference; includeInIndex = 1; lastKnownFileType = text.xcconfig; name = "Pods-HumanityHospice-HumanityHospiceTests.debug.xcconfig"; path = "Pods/Target Support Files/Pods-HumanityHospice-HumanityHospiceTests/Pods-HumanityHospice-HumanityHospiceTests.debug.xcconfig"; sourceTree = "<group>"; };
/* End PBXFileReference section */

/* Begin PBXFrameworksBuildPhase section */
		A5BBD42C2086EC3700B80BD0 /* Frameworks */ = {
			isa = PBXFrameworksBuildPhase;
			buildActionMask = 2147483647;
			files = (
				0BC827D0329B3113D20F14AE /* Pods_HumanityHospice.framework in Frameworks */,
			);
			runOnlyForDeploymentPostprocessing = 0;
		};
/* End PBXFrameworksBuildPhase section */

/* Begin PBXGroup section */
		32B3044A1FD103E66EB0AD5A /* Frameworks */ = {
			isa = PBXGroup;
			children = (
				03038EFFF88515CF212F99CE /* Pods_HumanityHospice.framework */,
				6A3A9CE6D5B505135CD48FAB /* Pods_HumanityHospiceTests.framework */,
				88689F47E062E9DB2AA7EA27 /* Pods_HumanityHospiceUITests.framework */,
				0B404F41FC034655F5EA7951 /* Pods_HumanityHospice_HumanityHospiceTests.framework */,
			);
			name = Frameworks;
			sourceTree = "<group>";
		};
		5A1EB783719ED9CCD60B55F6 /* Pods */ = {
			isa = PBXGroup;
			children = (
				C9B167080ED8CF261C513433 /* Pods-HumanityHospice.debug.xcconfig */,
				694136AC0962CFC9267913D7 /* Pods-HumanityHospice.release.xcconfig */,
				E94A0C69C5F7D852EBEB614B /* Pods-HumanityHospice-HumanityHospiceTests.debug.xcconfig */,
				4B960FE12861B3D6422AD85C /* Pods-HumanityHospice-HumanityHospiceTests.release.xcconfig */,
				6F245B1A412F6AABE75C3EDD /* Pods-HumanityHospiceTests.debug.xcconfig */,
				83953C65908D26D1EEE693D8 /* Pods-HumanityHospiceTests.release.xcconfig */,
			);
			name = Pods;
			sourceTree = "<group>";
		};
		73104E7420CB04A600D34C04 /* Model */ = {
			isa = PBXGroup;
			children = (
				7338482D20A7F50000EC6D01 /* Posts.swift */,
				73C56FDD20E596F20078522E /* Constants.swift */,
			);
			path = Model;
			sourceTree = "<group>";
		};
		73104E7520CB04AD00D34C04 /* Gloabals */ = {
			isa = PBXGroup;
			children = (
				A5D3F971208D23470079B713 /* Utilities.swift */,
				73B4013A20EACAF3005EE40E /* UploadViewController.swift */,
				73B4013B20EACAF3005EE40E /* UploadViewController.xib */,
			);
			path = Gloabals;
			sourceTree = "<group>";
		};
		73104E7620CB04BB00D34C04 /* Extensions */ = {
			isa = PBXGroup;
			children = (
				73E938A920C4901E00CC3648 /* NotificationNameExtension.swift */,
				736E199020CC377000CB6DF4 /* Extensions.swift */,
			);
			path = Extensions;
			sourceTree = "<group>";
		};
		7335B2B0209BC37800AD5B1B /* Journal */ = {
			isa = PBXGroup;
			children = (
				73383A3520BDFF91004CE58F /* JournalTableViewController.swift */,
				7335B2AE209BC37100AD5B1B /* JournalTableViewCell.swift */,
				7335B2B8209FCB0100AD5B1B /* PostWithImageTableViewCell.swift */,
				7335B2B1209BDFF700AD5B1B /* NewPostViewController.swift */,
				73383A3920BE2479004CE58F /* View Post */,
				73C22EDC20C37D5C00E35E80 /* LoadingViewController.swift */,
			);
			path = Journal;
			sourceTree = "<group>";
		};
		7335B2B7209FC2E900AD5B1B /* Profile Picture */ = {
			isa = PBXGroup;
			children = (
				7335B2B3209FA41400AD5B1B /* ProfilePickerDelegate.swift */,
				7335B2B5209FAFA000AD5B1B /* ProfilePickerHandler.swift */,
			);
			path = "Profile Picture";
			sourceTree = "<group>";
		};
		7335B2BC209FD4F400AD5B1B /* Image Selector */ = {
			isa = PBXGroup;
			children = (
				7335B2BA209FD48F00AD5B1B /* ImageSelector.swift */,
				737118B620A12C0500656F8E /* ImageViewer.swift */,
			);
			path = "Image Selector";
			sourceTree = "<group>";
		};
		73383A3920BE2479004CE58F /* View Post */ = {
			isa = PBXGroup;
			children = (
				73383A3720BE1815004CE58F /* ViewPostViewController.swift */,
				73383A4220BE259F004CE58F /* Post Cells */,
			);
			path = "View Post";
			sourceTree = "<group>";
		};
		73383A4220BE259F004CE58F /* Post Cells */ = {
			isa = PBXGroup;
			children = (
				73383A4020BE259A004CE58F /* TextPostTableViewCell.swift */,
				73383A3E20BE2544004CE58F /* ImagePostTableViewCell.swift */,
				73383A4420BE2623004CE58F /* CommentTableViewCell.swift */,
			);
			path = "Post Cells";
			sourceTree = "<group>";
		};
		735EA43320AD0A3500ED339F /* Photo Album */ = {
			isa = PBXGroup;
			children = (
				7357DE6620980B6000AED945 /* PhotoAlbum.swift */,
				735EA43420AD0A9900ED339F /* PhotoAlbumCollectionViewCell.swift */,
				7310489E20B895C500E52EA9 /* NewPhotoPostVC.swift */,
			);
			path = "Photo Album";
			sourceTree = "<group>";
		};
		73C9B1E320A394A100056994 /* EncouragementBoard */ = {
			isa = PBXGroup;
			children = (
				7357DE642097CC6000AED945 /* EncourangementBoard.swift */,
				73C9B1E120A3949A00056994 /* EncouragementBoardTableViewCell.swift */,
				73C9B1E420A3A60300056994 /* NewEBPostViewController.swift */,
			);
			path = EncouragementBoard;
			sourceTree = "<group>";
		};
		A57CC3F120881C3000C9D776 /* Handlers */ = {
			isa = PBXGroup;
			children = (
				73ED2C3720A903CF005D7AF8 /* RealmHandler.swift */,
				A57CC3EF20881C2200C9D776 /* DatabaseHandler.swift */,
				A5D3F977208D31870079B713 /* AppSettings.swift */,
			);
			path = Handlers;
			sourceTree = "<group>";
		};
		A5BBD4262086EC3700B80BD0 = {
			isa = PBXGroup;
			children = (
				A5BBD4312086EC3700B80BD0 /* HumanityHospice */,
				5A1EB783719ED9CCD60B55F6 /* Pods */,
				32B3044A1FD103E66EB0AD5A /* Frameworks */,
			);
			sourceTree = "<group>";
		};
		A5BBD4302086EC3700B80BD0 /* Products */ = {
			isa = PBXGroup;
			children = (
				A5BBD42F2086EC3700B80BD0 /* HumanityHospice.app */,
			);
			name = Products;
			path = ../..;
			sourceTree = "<group>";
		};
		A5BBD4312086EC3700B80BD0 /* HumanityHospice */ = {
			isa = PBXGroup;
			children = (
				A5BBD4322086EC3700B80BD0 /* AppDelegate.swift */,
				A5BBD4362086EC3700B80BD0 /* Main.storyboard */,
				73104E7520CB04AD00D34C04 /* Gloabals */,
				73104E7420CB04A600D34C04 /* Model */,
				73104E7620CB04BB00D34C04 /* Extensions */,
				A5D3F96E208D0D1C0079B713 /* Landing Process */,
				A57CC3F120881C3000C9D776 /* Handlers */,
				A5FC5C1620892FAB0084BA9B /* Menu Handler */,
				A5FC5C1B208936830084BA9B /* Pages */,
				A5BBD4392086EC3700B80BD0 /* Assets.xcassets */,
				A5BBD43B2086EC3700B80BD0 /* LaunchScreen.storyboard */,
				A5BBD43E2086EC3700B80BD0 /* Info.plist */,
				73C56FE120E5AB890078522E /* GoogleService-Info.plist */,
			);
			path = HumanityHospice;
			sourceTree = "<group>";
		};
		A5D3F96E208D0D1C0079B713 /* Landing Process */ = {
			isa = PBXGroup;
			children = (
				A5D3F96C208D0D130079B713 /* LandingViewController.swift */,
				A5D3F96F208D18540079B713 /* LoginViewController.swift */,
				A5D3F973208D26BA0079B713 /* SignUpViewController.swift */,
				73FC4B97208FCC6A0014520E /* InviteCodePopUp.swift */,
				A5D3F975208D2E8C0079B713 /* CompleteSignUpViewController.swift */,
			);
			path = "Landing Process";
			sourceTree = "<group>";
		};
		A5FC5C1620892FAB0084BA9B /* Menu Handler */ = {
			isa = PBXGroup;
			children = (
				7335B2B7209FC2E900AD5B1B /* Profile Picture */,
				A5FC5C1420892FA60084BA9B /* Menu.xib */,
				A5FC5C1220892CA00084BA9B /* MenuView.swift */,
				A5FC5C17208934E80084BA9B /* MenuTableViewCell.swift */,
				A5D00664208938C30079CD49 /* MenuHandler.swift */,
				73BD07A020C5DF170051D94D /* SwitchPatientTableViewController.swift */,
			);
			path = "Menu Handler";
			sourceTree = "<group>";
		};
		A5FC5C1B208936830084BA9B /* Pages */ = {
			isa = PBXGroup;
			children = (
				A5BBD4302086EC3700B80BD0 /* Products */,
				7335B2BC209FD4F400AD5B1B /* Image Selector */,
				7335B2B0209BC37800AD5B1B /* Journal */,
				73C9B1E320A394A100056994 /* EncouragementBoard */,
				735EA43320AD0A3500ED339F /* Photo Album */,
				7357DE6820980B7E00AED945 /* CreateFamilyAccount.swift */,
				7357DE6A20980B9700AED945 /* InviteReaders.swift */,
				7357DE6C20980BA700AED945 /* AboutViewController.swift */,
				73BE5C5220E2BF3A001A34F0 /* GoogleService-Info.plist */,
			);
			path = Pages;
			sourceTree = "<group>";
		};
/* End PBXGroup section */

/* Begin PBXNativeTarget section */
		A5BBD42E2086EC3700B80BD0 /* HumanityHospice */ = {
			isa = PBXNativeTarget;
			buildConfigurationList = A5BBD4572086EC3700B80BD0 /* Build configuration list for PBXNativeTarget "HumanityHospice" */;
			buildPhases = (
				4A9DB9A19EA5C9C85D0FA486 /* [CP] Check Pods Manifest.lock */,
				A5BBD42B2086EC3700B80BD0 /* Sources */,
				A5BBD42C2086EC3700B80BD0 /* Frameworks */,
				A5BBD42D2086EC3700B80BD0 /* Resources */,
				BC0637D71B04D463891E5736 /* [CP] Embed Pods Frameworks */,
				73BDCFBA20AFA0FD00D97457 /* Auto Incriment Build */,
				734BEC1020EAEA48006A04C0 /* Embed Frameworks */,
			);
			buildRules = (
			);
			dependencies = (
			);
			name = HumanityHospice;
			productName = HumanityHospice;
			productReference = A5BBD42F2086EC3700B80BD0 /* HumanityHospice.app */;
			productType = "com.apple.product-type.application";
		};
/* End PBXNativeTarget section */

/* Begin PBXProject section */
		A5BBD4272086EC3700B80BD0 /* Project object */ = {
			isa = PBXProject;
			attributes = {
				LastSwiftUpdateCheck = 0930;
				LastUpgradeCheck = 0930;
				ORGANIZATIONNAME = "Oklahoma State University";
				TargetAttributes = {
					A5BBD42E2086EC3700B80BD0 = {
						CreatedOnToolsVersion = 9.2;
						ProvisioningStyle = Automatic;
					};
				};
			};
			buildConfigurationList = A5BBD42A2086EC3700B80BD0 /* Build configuration list for PBXProject "HumanityHospice" */;
			compatibilityVersion = "Xcode 8.0";
			developmentRegion = en;
			hasScannedForEncodings = 0;
			knownRegions = (
				en,
				Base,
			);
			mainGroup = A5BBD4262086EC3700B80BD0;
			productRefGroup = A5BBD4302086EC3700B80BD0 /* Products */;
			projectDirPath = "";
			projectRoot = "";
			targets = (
				A5BBD42E2086EC3700B80BD0 /* HumanityHospice */,
			);
		};
/* End PBXProject section */

/* Begin PBXResourcesBuildPhase section */
		A5BBD42D2086EC3700B80BD0 /* Resources */ = {
			isa = PBXResourcesBuildPhase;
			buildActionMask = 2147483647;
			files = (
				73B4013D20EACAF3005EE40E /* UploadViewController.xib in Resources */,
				A5BBD43D2086EC3700B80BD0 /* LaunchScreen.storyboard in Resources */,
				A5FC5C1520892FA60084BA9B /* Menu.xib in Resources */,
				73BE5C5320E2BF3A001A34F0 /* GoogleService-Info.plist in Resources */,
				A5BBD43A2086EC3700B80BD0 /* Assets.xcassets in Resources */,
				A5BBD4382086EC3700B80BD0 /* Main.storyboard in Resources */,
				73C56FE220E5AB890078522E /* GoogleService-Info.plist in Resources */,
			);
			runOnlyForDeploymentPostprocessing = 0;
		};
/* End PBXResourcesBuildPhase section */

/* Begin PBXShellScriptBuildPhase section */
		4A9DB9A19EA5C9C85D0FA486 /* [CP] Check Pods Manifest.lock */ = {
			isa = PBXShellScriptBuildPhase;
			buildActionMask = 2147483647;
			files = (
			);
			inputPaths = (
				"${PODS_PODFILE_DIR_PATH}/Podfile.lock",
				"${PODS_ROOT}/Manifest.lock",
			);
			name = "[CP] Check Pods Manifest.lock";
			outputPaths = (
				"$(DERIVED_FILE_DIR)/Pods-HumanityHospice-checkManifestLockResult.txt",
			);
			runOnlyForDeploymentPostprocessing = 0;
			shellPath = /bin/sh;
			shellScript = "diff \"${PODS_PODFILE_DIR_PATH}/Podfile.lock\" \"${PODS_ROOT}/Manifest.lock\" > /dev/null\nif [ $? != 0 ] ; then\n    # print error to STDERR\n    echo \"error: The sandbox is not in sync with the Podfile.lock. Run 'pod install' or update your CocoaPods installation.\" >&2\n    exit 1\nfi\n# This output is used by Xcode 'outputs' to avoid re-running this script phase.\necho \"SUCCESS\" > \"${SCRIPT_OUTPUT_FILE_0}\"\n";
			showEnvVarsInLog = 0;
		};
		73BDCFBA20AFA0FD00D97457 /* Auto Incriment Build */ = {
			isa = PBXShellScriptBuildPhase;
			buildActionMask = 2147483647;
			files = (
			);
			inputPaths = (
			);
			name = "Auto Incriment Build";
			outputPaths = (
			);
			runOnlyForDeploymentPostprocessing = 0;
			shellPath = /bin/sh;
			shellScript = "buildNumber=$(/usr/libexec/PlistBuddy -c \"Print CFBundleVersion\" \"${PROJECT_DIR}/${INFOPLIST_FILE}\")\nbuildNumber=$(($buildNumber + 1))\n/usr/libexec/PlistBuddy -c \"Set :CFBundleVersion $buildNumber\" \"${PROJECT_DIR}/${INFOPLIST_FILE}\"";
		};
		BC0637D71B04D463891E5736 /* [CP] Embed Pods Frameworks */ = {
			isa = PBXShellScriptBuildPhase;
			buildActionMask = 12;
			files = (
			);
			inputPaths = (
				"${SRCROOT}/Pods/Target Support Files/Pods-HumanityHospice/Pods-HumanityHospice-frameworks.sh",
				"${BUILT_PRODUCTS_DIR}/DZNEmptyDataSet/DZNEmptyDataSet.framework",
				"${BUILT_PRODUCTS_DIR}/GTMSessionFetcher/GTMSessionFetcher.framework",
				"${BUILT_PRODUCTS_DIR}/GoogleToolboxForMac/GoogleToolboxForMac.framework",
				"${BUILT_PRODUCTS_DIR}/ImagePicker/ImagePicker.framework",
				"${BUILT_PRODUCTS_DIR}/Kingfisher/Kingfisher.framework",
				"${BUILT_PRODUCTS_DIR}/Realm/Realm.framework",
				"${BUILT_PRODUCTS_DIR}/RealmSwift/RealmSwift.framework",
				"${BUILT_PRODUCTS_DIR}/Serrata/Serrata.framework",
				"${BUILT_PRODUCTS_DIR}/SnapKit/SnapKit.framework",
				"${BUILT_PRODUCTS_DIR}/leveldb-library/leveldb.framework",
				"${BUILT_PRODUCTS_DIR}/nanopb/nanopb.framework",
			);
			name = "[CP] Embed Pods Frameworks";
			outputPaths = (
				"${TARGET_BUILD_DIR}/${FRAMEWORKS_FOLDER_PATH}/DZNEmptyDataSet.framework",
				"${TARGET_BUILD_DIR}/${FRAMEWORKS_FOLDER_PATH}/GTMSessionFetcher.framework",
				"${TARGET_BUILD_DIR}/${FRAMEWORKS_FOLDER_PATH}/GoogleToolboxForMac.framework",
				"${TARGET_BUILD_DIR}/${FRAMEWORKS_FOLDER_PATH}/ImagePicker.framework",
				"${TARGET_BUILD_DIR}/${FRAMEWORKS_FOLDER_PATH}/Kingfisher.framework",
				"${TARGET_BUILD_DIR}/${FRAMEWORKS_FOLDER_PATH}/Realm.framework",
				"${TARGET_BUILD_DIR}/${FRAMEWORKS_FOLDER_PATH}/RealmSwift.framework",
				"${TARGET_BUILD_DIR}/${FRAMEWORKS_FOLDER_PATH}/Serrata.framework",
				"${TARGET_BUILD_DIR}/${FRAMEWORKS_FOLDER_PATH}/SnapKit.framework",
				"${TARGET_BUILD_DIR}/${FRAMEWORKS_FOLDER_PATH}/leveldb.framework",
				"${TARGET_BUILD_DIR}/${FRAMEWORKS_FOLDER_PATH}/nanopb.framework",
			);
			runOnlyForDeploymentPostprocessing = 0;
			shellPath = /bin/sh;
			shellScript = "\"${SRCROOT}/Pods/Target Support Files/Pods-HumanityHospice/Pods-HumanityHospice-frameworks.sh\"\n";
			showEnvVarsInLog = 0;
		};
/* End PBXShellScriptBuildPhase section */

/* Begin PBXSourcesBuildPhase section */
		A5BBD42B2086EC3700B80BD0 /* Sources */ = {
			isa = PBXSourcesBuildPhase;
			buildActionMask = 2147483647;
			files = (
				7357DE652097CC6000AED945 /* EncourangementBoard.swift in Sources */,
				7357DE6B20980B9700AED945 /* InviteReaders.swift in Sources */,
				73E938AA20C4901E00CC3648 /* NotificationNameExtension.swift in Sources */,
				A5D3F978208D31870079B713 /* AppSettings.swift in Sources */,
				A5D3F974208D26BA0079B713 /* SignUpViewController.swift in Sources */,
				73C9B1E220A3949A00056994 /* EncouragementBoardTableViewCell.swift in Sources */,
				A5D3F970208D18540079B713 /* LoginViewController.swift in Sources */,
				73BD07A120C5DF170051D94D /* SwitchPatientTableViewController.swift in Sources */,
				73ED2C3820A903CF005D7AF8 /* RealmHandler.swift in Sources */,
				7357DE6920980B7E00AED945 /* CreateFamilyAccount.swift in Sources */,
				73383A4120BE259A004CE58F /* TextPostTableViewCell.swift in Sources */,
				7335B2B9209FCB0100AD5B1B /* PostWithImageTableViewCell.swift in Sources */,
				A5D00665208938C30079CD49 /* MenuHandler.swift in Sources */,
				7335B2BB209FD48F00AD5B1B /* ImageSelector.swift in Sources */,
				7335B2AF209BC37100AD5B1B /* JournalTableViewCell.swift in Sources */,
				73C56FDE20E596F20078522E /* Constants.swift in Sources */,
				7335B2B6209FAFA000AD5B1B /* ProfilePickerHandler.swift in Sources */,
				A57CC3F020881C2200C9D776 /* DatabaseHandler.swift in Sources */,
				73B4013C20EACAF3005EE40E /* UploadViewController.swift in Sources */,
				73383A3620BDFF91004CE58F /* JournalTableViewController.swift in Sources */,
				7357DE6720980B6000AED945 /* PhotoAlbum.swift in Sources */,
				73C9B1E520A3A60300056994 /* NewEBPostViewController.swift in Sources */,
				7357DE6D20980BA700AED945 /* AboutViewController.swift in Sources */,
				7338482E20A7F50000EC6D01 /* Posts.swift in Sources */,
				A5D3F96D208D0D130079B713 /* LandingViewController.swift in Sources */,
				73FC4B98208FCC6A0014520E /* InviteCodePopUp.swift in Sources */,
				7335B2B4209FA41400AD5B1B /* ProfilePickerDelegate.swift in Sources */,
				73C22EDD20C37D5C00E35E80 /* LoadingViewController.swift in Sources */,
				A5BBD4332086EC3700B80BD0 /* AppDelegate.swift in Sources */,
				73383A3F20BE2544004CE58F /* ImagePostTableViewCell.swift in Sources */,
				73383A3820BE1815004CE58F /* ViewPostViewController.swift in Sources */,
				A5D3F976208D2E8C0079B713 /* CompleteSignUpViewController.swift in Sources */,
				A5FC5C1320892CA00084BA9B /* MenuView.swift in Sources */,
				735EA43520AD0A9900ED339F /* PhotoAlbumCollectionViewCell.swift in Sources */,
				7335B2B2209BDFF700AD5B1B /* NewPostViewController.swift in Sources */,
				7310489F20B895C500E52EA9 /* NewPhotoPostVC.swift in Sources */,
				736E199120CC377000CB6DF4 /* Extensions.swift in Sources */,
				737118B720A12C0500656F8E /* ImageViewer.swift in Sources */,
				A5D3F972208D23470079B713 /* Utilities.swift in Sources */,
				A5FC5C18208934E80084BA9B /* MenuTableViewCell.swift in Sources */,
				73383A4520BE2623004CE58F /* CommentTableViewCell.swift in Sources */,
			);
			runOnlyForDeploymentPostprocessing = 0;
		};
/* End PBXSourcesBuildPhase section */

/* Begin PBXVariantGroup section */
		A5BBD4362086EC3700B80BD0 /* Main.storyboard */ = {
			isa = PBXVariantGroup;
			children = (
				A5BBD4372086EC3700B80BD0 /* Base */,
			);
			name = Main.storyboard;
			sourceTree = "<group>";
		};
		A5BBD43B2086EC3700B80BD0 /* LaunchScreen.storyboard */ = {
			isa = PBXVariantGroup;
			children = (
				A5BBD43C2086EC3700B80BD0 /* Base */,
			);
			name = LaunchScreen.storyboard;
			sourceTree = "<group>";
		};
/* End PBXVariantGroup section */

/* Begin XCBuildConfiguration section */
		A5BBD4552086EC3700B80BD0 /* Debug */ = {
			isa = XCBuildConfiguration;
			buildSettings = {
				ALWAYS_SEARCH_USER_PATHS = NO;
				CLANG_ANALYZER_NONNULL = YES;
				CLANG_ANALYZER_NUMBER_OBJECT_CONVERSION = YES_AGGRESSIVE;
				CLANG_CXX_LANGUAGE_STANDARD = "gnu++14";
				CLANG_CXX_LIBRARY = "libc++";
				CLANG_ENABLE_MODULES = YES;
				CLANG_ENABLE_OBJC_ARC = YES;
				CLANG_WARN_BLOCK_CAPTURE_AUTORELEASING = YES;
				CLANG_WARN_BOOL_CONVERSION = YES;
				CLANG_WARN_COMMA = YES;
				CLANG_WARN_CONSTANT_CONVERSION = YES;
				CLANG_WARN_DEPRECATED_OBJC_IMPLEMENTATIONS = YES;
				CLANG_WARN_DIRECT_OBJC_ISA_USAGE = YES_ERROR;
				CLANG_WARN_DOCUMENTATION_COMMENTS = YES;
				CLANG_WARN_EMPTY_BODY = YES;
				CLANG_WARN_ENUM_CONVERSION = YES;
				CLANG_WARN_INFINITE_RECURSION = YES;
				CLANG_WARN_INT_CONVERSION = YES;
				CLANG_WARN_NON_LITERAL_NULL_CONVERSION = YES;
				CLANG_WARN_OBJC_IMPLICIT_RETAIN_SELF = YES;
				CLANG_WARN_OBJC_LITERAL_CONVERSION = YES;
				CLANG_WARN_OBJC_ROOT_CLASS = YES_ERROR;
				CLANG_WARN_RANGE_LOOP_ANALYSIS = YES;
				CLANG_WARN_STRICT_PROTOTYPES = YES;
				CLANG_WARN_SUSPICIOUS_MOVE = YES;
				CLANG_WARN_UNGUARDED_AVAILABILITY = YES_AGGRESSIVE;
				CLANG_WARN_UNREACHABLE_CODE = YES;
				CLANG_WARN__DUPLICATE_METHOD_MATCH = YES;
				CODE_SIGN_IDENTITY = "iPhone Developer";
				COPY_PHASE_STRIP = NO;
				DEBUG_INFORMATION_FORMAT = dwarf;
				ENABLE_STRICT_OBJC_MSGSEND = YES;
				ENABLE_TESTABILITY = YES;
				GCC_C_LANGUAGE_STANDARD = gnu11;
				GCC_DYNAMIC_NO_PIC = NO;
				GCC_NO_COMMON_BLOCKS = YES;
				GCC_OPTIMIZATION_LEVEL = 0;
				GCC_PREPROCESSOR_DEFINITIONS = (
					"DEBUG=1",
					"$(inherited)",
				);
				GCC_WARN_64_TO_32_BIT_CONVERSION = YES;
				GCC_WARN_ABOUT_RETURN_TYPE = YES_ERROR;
				GCC_WARN_UNDECLARED_SELECTOR = YES;
				GCC_WARN_UNINITIALIZED_AUTOS = YES_AGGRESSIVE;
				GCC_WARN_UNUSED_FUNCTION = YES;
				GCC_WARN_UNUSED_VARIABLE = YES;
				IPHONEOS_DEPLOYMENT_TARGET = 11.2;
				MTL_ENABLE_DEBUG_INFO = YES;
				ONLY_ACTIVE_ARCH = YES;
				SDKROOT = iphoneos;
				SWIFT_ACTIVE_COMPILATION_CONDITIONS = DEBUG;
				SWIFT_OPTIMIZATION_LEVEL = "-Onone";
			};
			name = Debug;
		};
		A5BBD4562086EC3700B80BD0 /* Release */ = {
			isa = XCBuildConfiguration;
			buildSettings = {
				ALWAYS_SEARCH_USER_PATHS = NO;
				CLANG_ANALYZER_NONNULL = YES;
				CLANG_ANALYZER_NUMBER_OBJECT_CONVERSION = YES_AGGRESSIVE;
				CLANG_CXX_LANGUAGE_STANDARD = "gnu++14";
				CLANG_CXX_LIBRARY = "libc++";
				CLANG_ENABLE_MODULES = YES;
				CLANG_ENABLE_OBJC_ARC = YES;
				CLANG_WARN_BLOCK_CAPTURE_AUTORELEASING = YES;
				CLANG_WARN_BOOL_CONVERSION = YES;
				CLANG_WARN_COMMA = YES;
				CLANG_WARN_CONSTANT_CONVERSION = YES;
				CLANG_WARN_DEPRECATED_OBJC_IMPLEMENTATIONS = YES;
				CLANG_WARN_DIRECT_OBJC_ISA_USAGE = YES_ERROR;
				CLANG_WARN_DOCUMENTATION_COMMENTS = YES;
				CLANG_WARN_EMPTY_BODY = YES;
				CLANG_WARN_ENUM_CONVERSION = YES;
				CLANG_WARN_INFINITE_RECURSION = YES;
				CLANG_WARN_INT_CONVERSION = YES;
				CLANG_WARN_NON_LITERAL_NULL_CONVERSION = YES;
				CLANG_WARN_OBJC_IMPLICIT_RETAIN_SELF = YES;
				CLANG_WARN_OBJC_LITERAL_CONVERSION = YES;
				CLANG_WARN_OBJC_ROOT_CLASS = YES_ERROR;
				CLANG_WARN_RANGE_LOOP_ANALYSIS = YES;
				CLANG_WARN_STRICT_PROTOTYPES = YES;
				CLANG_WARN_SUSPICIOUS_MOVE = YES;
				CLANG_WARN_UNGUARDED_AVAILABILITY = YES_AGGRESSIVE;
				CLANG_WARN_UNREACHABLE_CODE = YES;
				CLANG_WARN__DUPLICATE_METHOD_MATCH = YES;
				CODE_SIGN_IDENTITY = "iPhone Developer";
				COPY_PHASE_STRIP = NO;
				DEBUG_INFORMATION_FORMAT = "dwarf-with-dsym";
				ENABLE_NS_ASSERTIONS = NO;
				ENABLE_STRICT_OBJC_MSGSEND = YES;
				GCC_C_LANGUAGE_STANDARD = gnu11;
				GCC_NO_COMMON_BLOCKS = YES;
				GCC_WARN_64_TO_32_BIT_CONVERSION = YES;
				GCC_WARN_ABOUT_RETURN_TYPE = YES_ERROR;
				GCC_WARN_UNDECLARED_SELECTOR = YES;
				GCC_WARN_UNINITIALIZED_AUTOS = YES_AGGRESSIVE;
				GCC_WARN_UNUSED_FUNCTION = YES;
				GCC_WARN_UNUSED_VARIABLE = YES;
				IPHONEOS_DEPLOYMENT_TARGET = 11.2;
				MTL_ENABLE_DEBUG_INFO = NO;
				SDKROOT = iphoneos;
				SWIFT_OPTIMIZATION_LEVEL = "-Owholemodule";
				VALIDATE_PRODUCT = YES;
			};
			name = Release;
		};
		A5BBD4582086EC3700B80BD0 /* Debug */ = {
			isa = XCBuildConfiguration;
			baseConfigurationReference = C9B167080ED8CF261C513433 /* Pods-HumanityHospice.debug.xcconfig */;
			buildSettings = {
				ALWAYS_EMBED_SWIFT_STANDARD_LIBRARIES = YES;
				ASSETCATALOG_COMPILER_APPICON_NAME = AppIcon;
				CODE_SIGN_IDENTITY = "iPhone Developer";
				CODE_SIGN_STYLE = Automatic;
				CURRENT_PROJECT_VERSION = 2;
				DEVELOPMENT_TEAM = W23QWSXCYJ;
				INFOPLIST_FILE = HumanityHospice/Info.plist;
				IPHONEOS_DEPLOYMENT_TARGET = 11.3;
				LD_RUNPATH_SEARCH_PATHS = "$(inherited) @executable_path/Frameworks";
				PRODUCT_BUNDLE_IDENTIFIER = com.paradigmappdev.HumanityHospiceApp;
				PRODUCT_NAME = "$(TARGET_NAME)";
				PROVISIONING_PROFILE_SPECIFIER = "";
				SWIFT_VERSION = 4.0;
				TARGETED_DEVICE_FAMILY = 1;
				VERSIONING_SYSTEM = "apple-generic";
			};
			name = Debug;
		};
		A5BBD4592086EC3700B80BD0 /* Release */ = {
			isa = XCBuildConfiguration;
			baseConfigurationReference = 694136AC0962CFC9267913D7 /* Pods-HumanityHospice.release.xcconfig */;
			buildSettings = {
				ALWAYS_EMBED_SWIFT_STANDARD_LIBRARIES = YES;
				ASSETCATALOG_COMPILER_APPICON_NAME = AppIcon;
				CODE_SIGN_IDENTITY = "iPhone Developer";
				CODE_SIGN_STYLE = Automatic;
				CURRENT_PROJECT_VERSION = 2;
				DEVELOPMENT_TEAM = W23QWSXCYJ;
				INFOPLIST_FILE = HumanityHospice/Info.plist;
				IPHONEOS_DEPLOYMENT_TARGET = 11.3;
				LD_RUNPATH_SEARCH_PATHS = "$(inherited) @executable_path/Frameworks";
				PRODUCT_BUNDLE_IDENTIFIER = com.paradigmappdev.HumanityHospiceApp;
				PRODUCT_NAME = "$(TARGET_NAME)";
				PROVISIONING_PROFILE_SPECIFIER = "";
				SWIFT_VERSION = 4.0;
				TARGETED_DEVICE_FAMILY = 1;
				VERSIONING_SYSTEM = "apple-generic";
			};
			name = Release;
		};
/* End XCBuildConfiguration section */

/* Begin XCConfigurationList section */
		A5BBD42A2086EC3700B80BD0 /* Build configuration list for PBXProject "HumanityHospice" */ = {
			isa = XCConfigurationList;
			buildConfigurations = (
				A5BBD4552086EC3700B80BD0 /* Debug */,
				A5BBD4562086EC3700B80BD0 /* Release */,
			);
			defaultConfigurationIsVisible = 0;
			defaultConfigurationName = Release;
		};
		A5BBD4572086EC3700B80BD0 /* Build configuration list for PBXNativeTarget "HumanityHospice" */ = {
			isa = XCConfigurationList;
			buildConfigurations = (
				A5BBD4582086EC3700B80BD0 /* Debug */,
				A5BBD4592086EC3700B80BD0 /* Release */,
			);
			defaultConfigurationIsVisible = 0;
			defaultConfigurationName = Release;
		};
/* End XCConfigurationList section */
	};
	rootObject = A5BBD4272086EC3700B80BD0 /* Project object */;
}
